
Microsoft Visual Studio Solution File, Format Version 12.00
# Visual Studio 15
VisualStudioVersion = 15.0.27130.2003
MinimumVisualStudioVersion = 10.0.40219.1
Project("{9A19103F-16F7-4668-BE54-9A1E7A4F7556}") = "WebApp1", "WebApp1\WebApp1.csproj", "{439681C7-3E72-42EF-9CF9-3F3ECDE40C23}"
EndProject
Global
	GlobalSection(SolutionConfigurationPlatforms) = preSolution
		Debug|Any CPU = Debug|Any CPU
		Release|Any CPU = Release|Any CPU
	EndGlobalSection
	GlobalSection(ProjectConfigurationPlatforms) = postSolution
		{439681C7-3E72-42EF-9CF9-3F3ECDE40C23}.Debug|Any CPU.ActiveCfg = Debug|Any CPU
		{439681C7-3E72-42EF-9CF9-3F3ECDE40C23}.Debug|Any CPU.Build.0 = Debug|Any CPU
		{439681C7-3E72-42EF-9CF9-3F3ECDE40C23}.Release|Any CPU.ActiveCfg = Release|Any CPU
		{439681C7-3E72-42EF-9CF9-3F3ECDE40C23}.Release|Any CPU.Build.0 = Release|Any CPU
	EndGlobalSection
	GlobalSection(SolutionProperties) = preSolution
		HideSolutionNode = FALSE
	EndGlobalSection
	GlobalSection(ExtensibilityGlobals) = postSolution
		SolutionGuid = {A7027343-3149-4DBC-9B40-D99647508E4E}
	EndGlobalSection
EndGlobal
